
Microsoft Visual Studio Solution File, Format Version 12.00
Project("{2150E333-8FDC-42A3-9474-1A3956D46DE8}") = "Domain", "Domain", "{292DB552-44AE-45E8-8E3A-1C2ACE430556}"
EndProject
Project("{2150E333-8FDC-42A3-9474-1A3956D46DE8}") = "Infrastructure", "Infrastructure", "{A07CF3AA-9D2E-40DE-8B30-1A353112F5F7}"
EndProject
Project("{2150E333-8FDC-42A3-9474-1A3956D46DE8}") = "Application", "Application", "{1BC121D4-7F41-4FE3-B377-A6F51E68E49C}"
EndProject
Project("{FAE04EC0-301F-11D3-BF4B-00C04F79EFBC}") = "AutoSpot.ValueObjects", "Domain\AutoSpot.ValueObjects\AutoSpot.ValueObjects.csproj", "{B9B631D7-1C8A-4107-A84B-944DDE58F84C}"
EndProject
Project("{FAE04EC0-301F-11D3-BF4B-00C04F79EFBC}") = "AutoSpot.Domain.Repositories.Abstractions", "Domain\AutoSpot.Domain.Repositories.Abstractions\AutoSpot.Domain.Repositories.Abstractions.csproj", "{52E82FB3-CAE2-4D9D-880F-C9C34043907E}"
EndProject
Project("{FAE04EC0-301F-11D3-BF4B-00C04F79EFBC}") = "AutoSpot.Domain", "Domain\AutoSpot.Domain\AutoSpot.Domain.csproj", "{156F8E13-559A-436C-A30B-D689E5090DA1}"
EndProject
Project("{FAE04EC0-301F-11D3-BF4B-00C04F79EFBC}") = "AutoSpot.Application.Models", "Application\AutoSpot.Application.Models\AutoSpot.Application.Models.csproj", "{DDC40D37-11E7-41EF-AE88-1BF4B79F5F2E}"
EndProject
Project("{FAE04EC0-301F-11D3-BF4B-00C04F79EFBC}") = "AutoSpot.Application.Services", "Application\AutoSpot.Application.Services\AutoSpot.Application.Services.csproj", "{6C44D882-6EEC-4C0E-BEA1-BD74D83B6CBE}"
EndProject
Project("{FAE04EC0-301F-11D3-BF4B-00C04F79EFBC}") = "AutoSpot.Infrastructure.EntityFramework", "Infrastructure\AutoSpot.Infrastructure.EntityFramework\AutoSpot.Infrastructure.EntityFramework.csproj", "{BC1C9439-80E0-42AB-912F-063277F00094}"
EndProject
Project("{2150E333-8FDC-42A3-9474-1A3956D46DE8}") = "Presentation", "Presentation", "{298E3864-C3B3-4722-9EC4-B494AA23C6C2}"
EndProject
Project("{FAE04EC0-301F-11D3-BF4B-00C04F79EFBC}") = "AutoSpot.WebHost", "Presentation\AutoSpot.WebHost\AutoSpot.WebHost.csproj", "{DB5C366B-FD87-4F9A-B4AE-ABCC8470CE59}"
EndProject
Global
	GlobalSection(SolutionConfigurationPlatforms) = preSolution
		Debug|Any CPU = Debug|Any CPU
		Release|Any CPU = Release|Any CPU
	EndGlobalSection
	GlobalSection(NestedProjects) = preSolution
		{B9B631D7-1C8A-4107-A84B-944DDE58F84C} = {292DB552-44AE-45E8-8E3A-1C2ACE430556}
		{52E82FB3-CAE2-4D9D-880F-C9C34043907E} = {292DB552-44AE-45E8-8E3A-1C2ACE430556}
		{156F8E13-559A-436C-A30B-D689E5090DA1} = {292DB552-44AE-45E8-8E3A-1C2ACE430556}
		{DDC40D37-11E7-41EF-AE88-1BF4B79F5F2E} = {1BC121D4-7F41-4FE3-B377-A6F51E68E49C}
		{6C44D882-6EEC-4C0E-BEA1-BD74D83B6CBE} = {1BC121D4-7F41-4FE3-B377-A6F51E68E49C}
		{BC1C9439-80E0-42AB-912F-063277F00094} = {A07CF3AA-9D2E-40DE-8B30-1A353112F5F7}
		{DB5C366B-FD87-4F9A-B4AE-ABCC8470CE59} = {298E3864-C3B3-4722-9EC4-B494AA23C6C2}
	EndGlobalSection
	GlobalSection(ProjectConfigurationPlatforms) = postSolution
		{B9B631D7-1C8A-4107-A84B-944DDE58F84C}.Debug|Any CPU.ActiveCfg = Debug|Any CPU
		{B9B631D7-1C8A-4107-A84B-944DDE58F84C}.Debug|Any CPU.Build.0 = Debug|Any CPU
		{B9B631D7-1C8A-4107-A84B-944DDE58F84C}.Release|Any CPU.ActiveCfg = Release|Any CPU
		{B9B631D7-1C8A-4107-A84B-944DDE58F84C}.Release|Any CPU.Build.0 = Release|Any CPU
		{52E82FB3-CAE2-4D9D-880F-C9C34043907E}.Debug|Any CPU.ActiveCfg = Debug|Any CPU
		{52E82FB3-CAE2-4D9D-880F-C9C34043907E}.Debug|Any CPU.Build.0 = Debug|Any CPU
		{52E82FB3-CAE2-4D9D-880F-C9C34043907E}.Release|Any CPU.ActiveCfg = Release|Any CPU
		{52E82FB3-CAE2-4D9D-880F-C9C34043907E}.Release|Any CPU.Build.0 = Release|Any CPU
		{156F8E13-559A-436C-A30B-D689E5090DA1}.Debug|Any CPU.ActiveCfg = Debug|Any CPU
		{156F8E13-559A-436C-A30B-D689E5090DA1}.Debug|Any CPU.Build.0 = Debug|Any CPU
		{156F8E13-559A-436C-A30B-D689E5090DA1}.Release|Any CPU.ActiveCfg = Release|Any CPU
		{156F8E13-559A-436C-A30B-D689E5090DA1}.Release|Any CPU.Build.0 = Release|Any CPU
		{DDC40D37-11E7-41EF-AE88-1BF4B79F5F2E}.Debug|Any CPU.ActiveCfg = Debug|Any CPU
		{DDC40D37-11E7-41EF-AE88-1BF4B79F5F2E}.Debug|Any CPU.Build.0 = Debug|Any CPU
		{DDC40D37-11E7-41EF-AE88-1BF4B79F5F2E}.Release|Any CPU.ActiveCfg = Release|Any CPU
		{DDC40D37-11E7-41EF-AE88-1BF4B79F5F2E}.Release|Any CPU.Build.0 = Release|Any CPU
		{6C44D882-6EEC-4C0E-BEA1-BD74D83B6CBE}.Debug|Any CPU.ActiveCfg = Debug|Any CPU
		{6C44D882-6EEC-4C0E-BEA1-BD74D83B6CBE}.Debug|Any CPU.Build.0 = Debug|Any CPU
		{6C44D882-6EEC-4C0E-BEA1-BD74D83B6CBE}.Release|Any CPU.ActiveCfg = Release|Any CPU
		{6C44D882-6EEC-4C0E-BEA1-BD74D83B6CBE}.Release|Any CPU.Build.0 = Release|Any CPU
		{BC1C9439-80E0-42AB-912F-063277F00094}.Debug|Any CPU.ActiveCfg = Debug|Any CPU
		{BC1C9439-80E0-42AB-912F-063277F00094}.Debug|Any CPU.Build.0 = Debug|Any CPU
		{BC1C9439-80E0-42AB-912F-063277F00094}.Release|Any CPU.ActiveCfg = Release|Any CPU
		{BC1C9439-80E0-42AB-912F-063277F00094}.Release|Any CPU.Build.0 = Release|Any CPU
		{DB5C366B-FD87-4F9A-B4AE-ABCC8470CE59}.Debug|Any CPU.ActiveCfg = Debug|Any CPU
		{DB5C366B-FD87-4F9A-B4AE-ABCC8470CE59}.Debug|Any CPU.Build.0 = Debug|Any CPU
		{DB5C366B-FD87-4F9A-B4AE-ABCC8470CE59}.Release|Any CPU.ActiveCfg = Release|Any CPU
		{DB5C366B-FD87-4F9A-B4AE-ABCC8470CE59}.Release|Any CPU.Build.0 = Release|Any CPU
	EndGlobalSection
EndGlobal
